
Microsoft Visual Studio Solution File, Format Version 12.00
# Visual Studio Version 17
VisualStudioVersion = 17.0.31919.166
MinimumVisualStudioVersion = 10.0.40219.1
Project("{9A19103F-16F7-4668-BE54-9A1E7A4F7556}") = "FirstLaboratory", "FirstLaboratory\FirstLaboratory.csproj", "{36E06321-594A-4573-84E8-A66909FFF501}"
EndProject
Global
	GlobalSection(SolutionConfigurationPlatforms) = preSolution
		Debug|Any CPU = Debug|Any CPU
		Release|Any CPU = Release|Any CPU
	EndGlobalSection
	GlobalSection(ProjectConfigurationPlatforms) = postSolution
		{36E06321-594A-4573-84E8-A66909FFF501}.Debug|Any CPU.ActiveCfg = Debug|Any CPU
		{36E06321-594A-4573-84E8-A66909FFF501}.Debug|Any CPU.Build.0 = Debug|Any CPU
		{36E06321-594A-4573-84E8-A66909FFF501}.Release|Any CPU.ActiveCfg = Release|Any CPU
		{36E06321-594A-4573-84E8-A66909FFF501}.Release|Any CPU.Build.0 = Release|Any CPU
	EndGlobalSection
	GlobalSection(SolutionProperties) = preSolution
		HideSolutionNode = FALSE
	EndGlobalSection
	GlobalSection(ExtensibilityGlobals) = postSolution
		SolutionGuid = {344D7DEE-5391-4D05-974C-C02B9D9AB8BB}
	EndGlobalSection
EndGlobal
